dependencies:
- name: grafana
  repository: https://grafana.github.io/helm-charts
  version: 10.5.15
- name: kube-state-metrics
  repository: https://prometheus-community.github.io/helm-charts
  version: 8.3.1
digest: sha256:42d38d50e9cfcd8f452b7864c1712cadcbf2065ce8aa4e21b4f6816a8cc86e8c
generated: "2026-08-17T22:23:38.003073325Z"
