dependencies:
- name: grafana
  repository: https://grafana.github.io/helm-charts
  version: 8.9.0
- name: kube-state-metrics
  repository: https://prometheus-community.github.io/helm-charts
  version: 5.30.0
digest: sha256:f7c6290a15a1765a3f9627b9a2c1a693a1dc6656bee436ea44a29ba72b7552f0
generated: "2025-02-10T09:37:38.301669483Z"
