dependencies:
- name: grafana
  repository: https://grafana.github.io/helm-charts
  version: 10.1.2
- name: kube-state-metrics
  repository: https://prometheus-community.github.io/helm-charts
  version: 6.4.1
digest: sha256:fbb1dbc21f6d7098f43230de0982047713688f53497b30d07a715785916ef1a9
generated: "2025-11-19T20:04:36.421224143Z"
