dependencies:
- name: grafana
  repository: https://grafana.github.io/helm-charts
  version: 10.2.0
- name: kube-state-metrics
  repository: https://prometheus-community.github.io/helm-charts
  version: 6.4.2
digest: sha256:333bf47f8408f62e87683f240848b867ca5a4b6edfdaabb11d311c4fb577ed19
generated: "2025-11-28T13:01:04.303089334Z"
