dependencies:
- name: grafana
  repository: https://grafana.github.io/helm-charts
  version: 9.3.5
- name: kube-state-metrics
  repository: https://prometheus-community.github.io/helm-charts
  version: 5.37.0
digest: sha256:2581f44d4ba9aaf77fe612c7a9b9819a65074b57f6b50314a4b2e6cc44b8e23d
generated: "2025-08-25T18:45:40.980439314Z"
